
Microsoft Visual Studio Solution File, Format Version 12.00
# Visual Studio 15
VisualStudioVersion = 15.0.26124.0
MinimumVisualStudioVersion = 15.0.26124.0
Project("{2150E333-8FDC-42A3-9474-1A3956D46DE8}") = "Source", "Source", "{976DC02F-3DA3-4CEC-A3EF-13DFEE9105F0}"
EndProject
Project("{FAE04EC0-301F-11D3-BF4B-00C04F79EFBC}") = "BuckeyeStore.Core", "Source\BuckeyeStore.Core\BuckeyeStore.Core.csproj", "{8BBC5F0E-50FB-4768-B6A6-6CC96A097298}"
EndProject
Project("{2150E333-8FDC-42A3-9474-1A3956D46DE8}") = "Tests", "Tests", "{21377395-9A26-477A-90F0-65EBDF4D3F8A}"
EndProject
Project("{FAE04EC0-301F-11D3-BF4B-00C04F79EFBC}") = "BuckeyeStore.Core.Tests", "Tests\BuckeyeStore.Core.Tests\BuckeyeStore.Core.Tests.csproj", "{D9BEE112-974E-4DA9-A584-F863883F276C}"
EndProject
Global
	GlobalSection(SolutionConfigurationPlatforms) = preSolution
		Debug|Any CPU = Debug|Any CPU
		Debug|x64 = Debug|x64
		Debug|x86 = Debug|x86
		Release|Any CPU = Release|Any CPU
		Release|x64 = Release|x64
		Release|x86 = Release|x86
	EndGlobalSection
	GlobalSection(SolutionProperties) = preSolution
		HideSolutionNode = FALSE
	EndGlobalSection
	GlobalSection(ProjectConfigurationPlatforms) = postSolution
		{8BBC5F0E-50FB-4768-B6A6-6CC96A097298}.Debug|Any CPU.ActiveCfg = Debug|Any CPU
		{8BBC5F0E-50FB-4768-B6A6-6CC96A097298}.Debug|Any CPU.Build.0 = Debug|Any CPU
		{8BBC5F0E-50FB-4768-B6A6-6CC96A097298}.Debug|x64.ActiveCfg = Debug|x64
		{8BBC5F0E-50FB-4768-B6A6-6CC96A097298}.Debug|x64.Build.0 = Debug|x64
		{8BBC5F0E-50FB-4768-B6A6-6CC96A097298}.Debug|x86.ActiveCfg = Debug|x86
		{8BBC5F0E-50FB-4768-B6A6-6CC96A097298}.Debug|x86.Build.0 = Debug|x86
		{8BBC5F0E-50FB-4768-B6A6-6CC96A097298}.Release|Any CPU.ActiveCfg = Release|Any CPU
		{8BBC5F0E-50FB-4768-B6A6-6CC96A097298}.Release|Any CPU.Build.0 = Release|Any CPU
		{8BBC5F0E-50FB-4768-B6A6-6CC96A097298}.Release|x64.ActiveCfg = Release|x64
		{8BBC5F0E-50FB-4768-B6A6-6CC96A097298}.Release|x64.Build.0 = Release|x64
		{8BBC5F0E-50FB-4768-B6A6-6CC96A097298}.Release|x86.ActiveCfg = Release|x86
		{8BBC5F0E-50FB-4768-B6A6-6CC96A097298}.Release|x86.Build.0 = Release|x86
		{D9BEE112-974E-4DA9-A584-F863883F276C}.Debug|Any CPU.ActiveCfg = Debug|Any CPU
		{D9BEE112-974E-4DA9-A584-F863883F276C}.Debug|Any CPU.Build.0 = Debug|Any CPU
		{D9BEE112-974E-4DA9-A584-F863883F276C}.Debug|x64.ActiveCfg = Debug|x64
		{D9BEE112-974E-4DA9-A584-F863883F276C}.Debug|x64.Build.0 = Debug|x64
		{D9BEE112-974E-4DA9-A584-F863883F276C}.Debug|x86.ActiveCfg = Debug|x86
		{D9BEE112-974E-4DA9-A584-F863883F276C}.Debug|x86.Build.0 = Debug|x86
		{D9BEE112-974E-4DA9-A584-F863883F276C}.Release|Any CPU.ActiveCfg = Release|Any CPU
		{D9BEE112-974E-4DA9-A584-F863883F276C}.Release|Any CPU.Build.0 = Release|Any CPU
		{D9BEE112-974E-4DA9-A584-F863883F276C}.Release|x64.ActiveCfg = Release|x64
		{D9BEE112-974E-4DA9-A584-F863883F276C}.Release|x64.Build.0 = Release|x64
		{D9BEE112-974E-4DA9-A584-F863883F276C}.Release|x86.ActiveCfg = Release|x86
		{D9BEE112-974E-4DA9-A584-F863883F276C}.Release|x86.Build.0 = Release|x86
	EndGlobalSection
	GlobalSection(NestedProjects) = preSolution
		{8BBC5F0E-50FB-4768-B6A6-6CC96A097298} = {976DC02F-3DA3-4CEC-A3EF-13DFEE9105F0}
		{D9BEE112-974E-4DA9-A584-F863883F276C} = {21377395-9A26-477A-90F0-65EBDF4D3F8A}
	EndGlobalSection
EndGlobal
